
Microsoft Visual Studio Solution File, Format Version 12.00
# Visual Studio 15
VisualStudioVersion = 15.0.27703.2000
MinimumVisualStudioVersion = 10.0.40219.1
Project("{9A19103F-16F7-4668-BE54-9A1E7A4F7556}") = "BlazorApp.Server", "BlazorApp.Server\BlazorApp.Server.csproj", "{2C31A7F1-CCEC-42E4-9697-7F6C7B4C0D4D}"
EndProject
Project("{9A19103F-16F7-4668-BE54-9A1E7A4F7556}") = "BlazorApp.Client", "BlazorApp.Client\BlazorApp.Client.csproj", "{50653939-D27B-41EC-A406-67EA4B39640F}"
EndProject
Project("{FAE04EC0-301F-11D3-BF4B-00C04F79EFBC}") = "BlazorApp.Tests", "BlazorApp.Tests\BlazorApp.Tests.csproj", "{33BCB840-C437-4626-B96E-17AE3D8BAA98}"
EndProject
Global
	GlobalSection(SolutionConfigurationPlatforms) = preSolution
		Debug|Any CPU = Debug|Any CPU
		Release|Any CPU = Release|Any CPU
	EndGlobalSection
	GlobalSection(ProjectConfigurationPlatforms) = postSolution
		{2C31A7F1-CCEC-42E4-9697-7F6C7B4C0D4D}.Debug|Any CPU.ActiveCfg = Debug|Any CPU
		{2C31A7F1-CCEC-42E4-9697-7F6C7B4C0D4D}.Debug|Any CPU.Build.0 = Debug|Any CPU
		{2C31A7F1-CCEC-42E4-9697-7F6C7B4C0D4D}.Release|Any CPU.ActiveCfg = Release|Any CPU
		{2C31A7F1-CCEC-42E4-9697-7F6C7B4C0D4D}.Release|Any CPU.Build.0 = Release|Any CPU
		{50653939-D27B-41EC-A406-67EA4B39640F}.Debug|Any CPU.ActiveCfg = Debug|Any CPU
		{50653939-D27B-41EC-A406-67EA4B39640F}.Debug|Any CPU.Build.0 = Debug|Any CPU
		{50653939-D27B-41EC-A406-67EA4B39640F}.Release|Any CPU.ActiveCfg = Release|Any CPU
		{50653939-D27B-41EC-A406-67EA4B39640F}.Release|Any CPU.Build.0 = Release|Any CPU
		{33BCB840-C437-4626-B96E-17AE3D8BAA98}.Debug|Any CPU.ActiveCfg = Debug|Any CPU
		{33BCB840-C437-4626-B96E-17AE3D8BAA98}.Debug|Any CPU.Build.0 = Debug|Any CPU
		{33BCB840-C437-4626-B96E-17AE3D8BAA98}.Release|Any CPU.ActiveCfg = Release|Any CPU
		{33BCB840-C437-4626-B96E-17AE3D8BAA98}.Release|Any CPU.Build.0 = Release|Any CPU
	EndGlobalSection
	GlobalSection(SolutionProperties) = preSolution
		HideSolutionNode = FALSE
	EndGlobalSection
	GlobalSection(ExtensibilityGlobals) = postSolution
		SolutionGuid = {1A9478D1-7800-4F29-84D1-A324FE7CE858}
	EndGlobalSection
EndGlobal
